
Microsoft Visual Studio Solution File, Format Version 12.00
# Visual Studio 15
VisualStudioVersion = 15.0.27004.2002
MinimumVisualStudioVersion = 10.0.40219.1
Project("{FAE04EC0-301F-11D3-BF4B-00C04F79EFBC}") = "GuessingGame", "GuessingGame\GuessingGame.csproj", "{C40C0C9D-063C-4736-B75E-FF07912CB406}"
EndProject
Global
	GlobalSection(SolutionConfigurationPlatforms) = preSolution
		Debug|Any CPU = Debug|Any CPU
		Release|Any CPU = Release|Any CPU
	EndGlobalSection
	GlobalSection(ProjectConfigurationPlatforms) = postSolution
		{C40C0C9D-063C-4736-B75E-FF07912CB406}.Debug|Any CPU.ActiveCfg = Debug|Any CPU
		{C40C0C9D-063C-4736-B75E-FF07912CB406}.Debug|Any CPU.Build.0 = Debug|Any CPU
		{C40C0C9D-063C-4736-B75E-FF07912CB406}.Release|Any CPU.ActiveCfg = Release|Any CPU
		{C40C0C9D-063C-4736-B75E-FF07912CB406}.Release|Any CPU.Build.0 = Release|Any CPU
	EndGlobalSection
	GlobalSection(SolutionProperties) = preSolution
		HideSolutionNode = FALSE
	EndGlobalSection
	GlobalSection(ExtensibilityGlobals) = postSolution
		SolutionGuid = {05C667CA-134A-4C42-8EEA-6859D227F1A7}
	EndGlobalSection
EndGlobal
